# This file is automatically @generated by Cargo.
# It is not intended for manual editing.
version = 4

[[package]]
name = "autocfg"
version = "1.5.0"
source = "registry+https://github.com/rust-lang/crates.io-index"
checksum = "c08606f8c3cbf4ce6ec8e28fb0014a2c086708fe954eaa885384a6165172e7e8"

[[package]]
name = "num-traits"
version = "0.2.19"
source = "registry+https://github.com/rust-lang/crates.io-index"
checksum = "071dfc062690e90b734c0b2273ce72ad0ffa95f0c74596bc250dcfd960262841"
dependencies = [
 "autocfg",
]

[[package]]
name = "rgb"
version = "0.8.52"
source = "registry+https://github.com/rust-lang/crates.io-index"
checksum = "0c6a884d2998352bb4daf0183589aec883f16a6da1f4dde84d8e2e9a5409a1ce"

[[package]]
name = "yuv"
version = "0.1.10"
dependencies = [
 "num-traits",
 "rgb",
]
