# This file is automatically @generated by Cargo.
# It is not intended for manual editing.
version = 3

[[package]]
name = "autocfg"
version = "1.3.0"
source = "registry+https://github.com/rust-lang/crates.io-index"
checksum = "0c4b4d0bd25bd0b74681c0ad21497610ce1b7c91b1022cd21c80c6fbdd9476b0"

[[package]]
name = "num-traits"
version = "0.2.19"
source = "registry+https://github.com/rust-lang/crates.io-index"
checksum = "071dfc062690e90b734c0b2273ce72ad0ffa95f0c74596bc250dcfd960262841"
dependencies = [
 "autocfg",
]

[[package]]
name = "rgb"
version = "0.8.47"
source = "registry+https://github.com/rust-lang/crates.io-index"
checksum = "e12bc8d2f72df26a5d3178022df33720fbede0d31d82c7291662eff89836994d"

[[package]]
name = "yuv"
version = "0.1.8"
dependencies = [
 "num-traits",
 "rgb",
]
